// !$*UTF8*$!
{
	archiveVersion = 1;
	classes = {
	};
	objectVersion = 46;
	objects = {

/* Begin PBXBuildFile section */
		3E35FDD219316BFE0084C970 /* Foundation.framework in Frameworks */ = {isa = PBXBuildFile; fileRef = 3E35FDD119316BFE0084C970 /* Foundation.framework */; };
		3E35FDD419316BFE0084C970 /* CoreGraphics.framework in Frameworks */ = {isa = PBXBuildFile; fileRef = 3E35FDD319316BFE0084C970 /* CoreGraphics.framework */; };
		3E35FDD619316BFE0084C970 /* UIKit.framework in Frameworks */ = {isa = PBXBuildFile; fileRef = 3E35FDD519316BFE0084C970 /* UIKit.framework */; };
		3E35FDD819316BFE0084C970 /* CoreData.framework in Frameworks */ = {isa = PBXBuildFile; fileRef = 3E35FDD719316BFE0084C970 /* CoreData.framework */; };
		3E35FDDE19316BFE0084C970 /* InfoPlist.strings in Resources */ = {isa = PBXBuildFile; fileRef = 3E35FDDC19316BFE0084C970 /* InfoPlist.strings */; };
		3E35FDE019316BFE0084C970 /* main.m in Sources */ = {isa = PBXBuildFile; fileRef = 3E35FDDF19316BFE0084C970 /* main.m */; };
		3E35FDE419316BFE0084C970 /* AppDelegate.m in Sources */ = {isa = PBXBuildFile; fileRef = 3E35FDE319316BFE0084C970 /* AppDelegate.m */; };
		3E35FDE719316BFE0084C970 /* HomeDepotDisplayTestbench.xcdatamodeld in Sources */ = {isa = PBXBuildFile; fileRef = 3E35FDE519316BFE0084C970 /* HomeDepotDisplayTestbench.xcdatamodeld */; };
		3E35FDE919316BFE0084C970 /* Images.xcassets in Resources */ = {isa = PBXBuildFile; fileRef = 3E35FDE819316BFE0084C970 /* Images.xcassets */; };
		3E35FDF019316BFE0084C970 /* XCTest.framework in Frameworks */ = {isa = PBXBuildFile; fileRef = 3E35FDEF19316BFE0084C970 /* XCTest.framework */; };
		3E35FDF119316BFE0084C970 /* Foundation.framework in Frameworks */ = {isa = PBXBuildFile; fileRef = 3E35FDD119316BFE0084C970 /* Foundation.framework */; };
		3E35FDF219316BFE0084C970 /* UIKit.framework in Frameworks */ = {isa = PBXBuildFile; fileRef = 3E35FDD519316BFE0084C970 /* UIKit.framework */; };
		3E35FDF319316BFE0084C970 /* CoreData.framework in Frameworks */ = {isa = PBXBuildFile; fileRef = 3E35FDD719316BFE0084C970 /* CoreData.framework */; };
		3E35FDFB19316BFE0084C970 /* InfoPlist.strings in Resources */ = {isa = PBXBuildFile; fileRef = 3E35FDF919316BFE0084C970 /* InfoPlist.strings */; };
		3E35FDFD19316BFE0084C970 /* HomeDepotDisplayTestbenchTests.m in Sources */ = {isa = PBXBuildFile; fileRef = 3E35FDFC19316BFE0084C970 /* HomeDepotDisplayTestbenchTests.m */; };
		3E35FE0719316C2F0084C970 /* MainStoryboard.storyboard in Resources */ = {isa = PBXBuildFile; fileRef = 3E35FE0619316C2F0084C970 /* MainStoryboard.storyboard */; };
		3E35FE0819316C2F0084C970 /* MainStoryboard.storyboard in Resources */ = {isa = PBXBuildFile; fileRef = 3E35FE0619316C2F0084C970 /* MainStoryboard.storyboard */; };
		3E35FE0A19316C560084C970 /* MainStoryboardIPhone.storyboard in Resources */ = {isa = PBXBuildFile; fileRef = 3E35FE0919316C560084C970 /* MainStoryboardIPhone.storyboard */; };
		3E35FE0B19316C560084C970 /* MainStoryboardIPhone.storyboard in Resources */ = {isa = PBXBuildFile; fileRef = 3E35FE0919316C560084C970 /* MainStoryboardIPhone.storyboard */; };
		3E35FE0E19316CE20084C970 /* ViewController.m in Sources */ = {isa = PBXBuildFile; fileRef = 3E35FE0D19316CE20084C970 /* ViewController.m */; };
		3E35FE0F19316CE20084C970 /* ViewController.m in Sources */ = {isa = PBXBuildFile; fileRef = 3E35FE0D19316CE20084C970 /* ViewController.m */; };
		3E35FE1219316D080084C970 /* PDFDocument.m in Sources */ = {isa = PBXBuildFile; fileRef = 3E35FE1119316D080084C970 /* PDFDocument.m */; };
		3E35FE1319316D080084C970 /* PDFDocument.m in Sources */ = {isa = PBXBuildFile; fileRef = 3E35FE1119316D080084C970 /* PDFDocument.m */; };
		3E35FE1619316D210084C970 /* PDFPage.m in Sources */ = {isa = PBXBuildFile; fileRef = 3E35FE1519316D200084C970 /* PDFPage.m */; };
		3E35FE1719316D210084C970 /* PDFPage.m in Sources */ = {isa = PBXBuildFile; fileRef = 3E35FE1519316D200084C970 /* PDFPage.m */; };
		3E35FE191932CEF90084C970 /* ButtonGo.png in Resources */ = {isa = PBXBuildFile; fileRef = 3E35FE181932CEF90084C970 /* ButtonGo.png */; };
		9584C82919319BEF00166C2C /* libfpdfemb_ios_arm.a in Frameworks */ = {isa = PBXBuildFile; fileRef = 9584C82719319BEF00166C2C /* libfpdfemb_ios_arm.a */; };
		9584C82A19319BEF00166C2C /* libfpdfemb_ios_emu.a in Frameworks */ = {isa = PBXBuildFile; fileRef = 9584C82819319BEF00166C2C /* libfpdfemb_ios_emu.a */; };
/* End PBXBuildFile section */

/* Begin PBXContainerItemProxy section */
		3E35FDF419316BFE0084C970 /* PBXContainerItemProxy */ = {
			isa = PBXContainerItemProxy;
			containerPortal = 3E35FDC619316BFE0084C970 /* Project object */;
			proxyType = 1;
			remoteGlobalIDString = 3E35FDCD19316BFE0084C970;
			remoteInfo = HomeDepotDisplayTestbench;
		};
/* End PBXContainerItemProxy section */

/* Begin PBXFileReference section */
		3E35FDCE19316BFE0084C970 /* HomeDepotDisplayTestbench.app */ = {isa = PBXFileReference; explicitFileType = wrapper.application; includeInIndex = 0; path = HomeDepotDisplayTestbench.app; sourceTree = BUILT_PRODUCTS_DIR; };
		3E35FDD119316BFE0084C970 /* Foundation.framework */ = {isa = PBXFileReference; lastKnownFileType = wrapper.framework; name = Foundation.framework; path = System/Library/Frameworks/Foundation.framework; sourceTree = SDKROOT; };
		3E35FDD319316BFE0084C970 /* CoreGraphics.framework */ = {isa = PBXFileReference; lastKnownFileType = wrapper.framework; name = CoreGraphics.framework; path = System/Library/Frameworks/CoreGraphics.framework; sourceTree = SDKROOT; };
		3E35FDD519316BFE0084C970 /* UIKit.framework */ = {isa = PBXFileReference; lastKnownFileType = wrapper.framework; name = UIKit.framework; path = System/Library/Frameworks/UIKit.framework; sourceTree = SDKROOT; };
		3E35FDD719316BFE0084C970 /* CoreData.framework */ = {isa = PBXFileReference; lastKnownFileType = wrapper.framework; name = CoreData.framework; path = System/Library/Frameworks/CoreData.framework; sourceTree = SDKROOT; };
		3E35FDDB19316BFE0084C970 /* HomeDepotDisplayTestbench-Info.plist */ = {isa = PBXFileReference; lastKnownFileType = text.plist.xml; path = "HomeDepotDisplayTestbench-Info.plist"; sourceTree = "<group>"; };
		3E35FDDD19316BFE0084C970 /* en */ = {isa = PBXFileReference; lastKnownFileType = text.plist.strings; name = en; path = en.lproj/InfoPlist.strings; sourceTree = "<group>"; };
		3E35FDDF19316BFE0084C970 /* main.m */ = {isa = PBXFileReference; lastKnownFileType = sourcecode.c.objc; path = main.m; sourceTree = "<group>"; };
		3E35FDE119316BFE0084C970 /* HomeDepotDisplayTestbench-Prefix.pch */ = {isa = PBXFileReference; lastKnownFileType = sourcecode.c.h; path = "HomeDepotDisplayTestbench-Prefix.pch"; sourceTree = "<group>"; };
		3E35FDE219316BFE0084C970 /* AppDelegate.h */ = {isa = PBXFileReference; lastKnownFileType = sourcecode.c.h; path = AppDelegate.h; sourceTree = "<group>"; };
		3E35FDE319316BFE0084C970 /* AppDelegate.m */ = {isa = PBXFileReference; lastKnownFileType = sourcecode.c.objc; path = AppDelegate.m; sourceTree = "<group>"; };
		3E35FDE619316BFE0084C970 /* HomeDepotDisplayTestbench.xcdatamodel */ = {isa = PBXFileReference; lastKnownFileType = wrapper.xcdatamodel; path = HomeDepotDisplayTestbench.xcdatamodel; sourceTree = "<group>"; };
		3E35FDE819316BFE0084C970 /* Images.xcassets */ = {isa = PBXFileReference; lastKnownFileType = folder.assetcatalog; path = Images.xcassets; sourceTree = "<group>"; };
		3E35FDEE19316BFE0084C970 /* HomeDepotDisplayTestbenchTests.xctest */ = {isa = PBXFileReference; explicitFileType = wrapper.cfbundle; includeInIndex = 0; path = HomeDepotDisplayTestbenchTests.xctest; sourceTree = BUILT_PRODUCTS_DIR; };
		3E35FDEF19316BFE0084C970 /* XCTest.framework */ = {isa = PBXFileReference; lastKnownFileType = wrapper.framework; name = XCTest.framework; path = Library/Frameworks/XCTest.framework; sourceTree = DEVELOPER_DIR; };
		3E35FDF819316BFE0084C970 /* HomeDepotDisplayTestbenchTests-Info.plist */ = {isa = PBXFileReference; lastKnownFileType = text.plist.xml; path = "HomeDepotDisplayTestbenchTests-Info.plist"; sourceTree = "<group>"; };
		3E35FDFA19316BFE0084C970 /* en */ = {isa = PBXFileReference; lastKnownFileType = text.plist.strings; name = en; path = en.lproj/InfoPlist.strings; sourceTree = "<group>"; };
		3E35FDFC19316BFE0084C970 /* HomeDepotDisplayTestbenchTests.m */ = {isa = PBXFileReference; lastKnownFileType = sourcecode.c.objc; path = HomeDepotDisplayTestbenchTests.m; sourceTree = "<group>"; };
		3E35FE0619316C2F0084C970 /* MainStoryboard.storyboard */ = {isa = PBXFileReference; fileEncoding = 4; lastKnownFileType = file.storyboard; path = MainStoryboard.storyboard; sourceTree = "<group>"; };
		3E35FE0919316C560084C970 /* MainStoryboardIPhone.storyboard */ = {isa = PBXFileReference; fileEncoding = 4; lastKnownFileType = file.storyboard; path = MainStoryboardIPhone.storyboard; sourceTree = "<group>"; };
		3E35FE0C19316CE20084C970 /* ViewController.h */ = {isa = PBXFileReference; fileEncoding = 4; lastKnownFileType = sourcecode.c.h; path = ViewController.h; sourceTree = "<group>"; };
		3E35FE0D19316CE20084C970 /* ViewController.m */ = {isa = PBXFileReference; fileEncoding = 4; lastKnownFileType = sourcecode.c.objc; path = ViewController.m; sourceTree = "<group>"; };
		3E35FE1019316D080084C970 /* PDFDocument.h */ = {isa = PBXFileReference; fileEncoding = 4; lastKnownFileType = sourcecode.c.h; path = PDFDocument.h; sourceTree = "<group>"; };
		3E35FE1119316D080084C970 /* PDFDocument.m */ = {isa = PBXFileReference; fileEncoding = 4; lastKnownFileType = sourcecode.c.objc; path = PDFDocument.m; sourceTree = "<group>"; };
		3E35FE1419316D200084C970 /* PDFPage.h */ = {isa = PBXFileReference; fileEncoding = 4; lastKnownFileType = sourcecode.c.h; path = PDFPage.h; sourceTree = "<group>"; };
		3E35FE1519316D200084C970 /* PDFPage.m */ = {isa = PBXFileReference; fileEncoding = 4; lastKnownFileType = sourcecode.c.objc; path = PDFPage.m; sourceTree = "<group>"; };
		3E35FE181932CEF90084C970 /* ButtonGo.png */ = {isa = PBXFileReference; lastKnownFileType = image.png; path = ButtonGo.png; sourceTree = "<group>"; };
		3E35FE1B1932D0AF0084C970 /* fpdf_annot.h */ = {isa = PBXFileReference; lastKnownFileType = sourcecode.c.h; name = fpdf_annot.h; path = include/fpdf_annot.h; sourceTree = SOURCE_ROOT; };
		3E35FE1C1932D0AF0084C970 /* fpdf_base.h */ = {isa = PBXFileReference; lastKnownFileType = sourcecode.c.h; name = fpdf_base.h; path = include/fpdf_base.h; sourceTree = SOURCE_ROOT; };
		3E35FE1D1932D0AF0084C970 /* fpdf_document.h */ = {isa = PBXFileReference; lastKnownFileType = sourcecode.c.h; name = fpdf_document.h; path = include/fpdf_document.h; sourceTree = SOURCE_ROOT; };
		3E35FE1E1932D0AF0084C970 /* fpdf_formfield.h */ = {isa = PBXFileReference; lastKnownFileType = sourcecode.c.h; name = fpdf_formfield.h; path = include/fpdf_formfield.h; sourceTree = SOURCE_ROOT; };
		3E35FE1F1932D0AF0084C970 /* fpdf_fwlevent.h */ = {isa = PBXFileReference; lastKnownFileType = sourcecode.c.h; name = fpdf_fwlevent.h; path = include/fpdf_fwlevent.h; sourceTree = SOURCE_ROOT; };
		3E35FE201932D0AF0084C970 /* fpdf_reflow.h */ = {isa = PBXFileReference; lastKnownFileType = sourcecode.c.h; name = fpdf_reflow.h; path = include/fpdf_reflow.h; sourceTree = SOURCE_ROOT; };
		3E35FE211932D0AF0084C970 /* fpdf_security.h */ = {isa = PBXFileReference; lastKnownFileType = sourcecode.c.h; name = fpdf_security.h; path = include/fpdf_security.h; sourceTree = SOURCE_ROOT; };
		3E35FE221932D0AF0084C970 /* fpdf_text.h */ = {isa = PBXFileReference; lastKnownFileType = sourcecode.c.h; name = fpdf_text.h; path = include/fpdf_text.h; sourceTree = SOURCE_ROOT; };
		3E35FE231932D0AF0084C970 /* fpdf_view.h */ = {isa = PBXFileReference; lastKnownFileType = sourcecode.c.h; name = fpdf_view.h; path = include/fpdf_view.h; sourceTree = SOURCE_ROOT; };
		3E35FE241932D0AF0084C970 /* fpsi.h */ = {isa = PBXFileReference; lastKnownFileType = sourcecode.c.h; name = fpsi.h; path = include/fpsi.h; sourceTree = SOURCE_ROOT; };
		3E35FE251932D0AF0084C970 /* fs_base.h */ = {isa = PBXFileReference; lastKnownFileType = sourcecode.c.h; name = fs_base.h; path = include/fs_base.h; sourceTree = SOURCE_ROOT; };
		3E35FE261932D0AF0084C970 /* fs_exception.h */ = {isa = PBXFileReference; lastKnownFileType = sourcecode.c.h; name = fs_exception.h; path = include/fs_exception.h; sourceTree = SOURCE_ROOT; };
		9584C82719319BEF00166C2C /* libfpdfemb_ios_arm.a */ = {isa = PBXFileReference; lastKnownFileType = archive.ar; name = libfpdfemb_ios_arm.a; path = library/libfpdfemb_ios_arm.a; sourceTree = SOURCE_ROOT; };
		9584C82819319BEF00166C2C /* libfpdfemb_ios_emu.a */ = {isa = PBXFileReference; lastKnownFileType = archive.ar; name = libfpdfemb_ios_emu.a; path = library/libfpdfemb_ios_emu.a; sourceTree = SOURCE_ROOT; };
/* End PBXFileReference section */

/* Begin PBXFrameworksBuildPhase section */
		3E35FDCB19316BFE0084C970 /* Frameworks */ = {
			isa = PBXFrameworksBuildPhase;
			buildActionMask = 2147483647;
			files = (
				9584C82A19319BEF00166C2C /* libfpdfemb_ios_emu.a in Frameworks */,
				3E35FDD419316BFE0084C970 /* CoreGraphics.framework in Frameworks */,
				9584C82919319BEF00166C2C /* libfpdfemb_ios_arm.a in Frameworks */,
				3E35FDD819316BFE0084C970 /* CoreData.framework in Frameworks */,
				3E35FDD619316BFE0084C970 /* UIKit.framework in Frameworks */,
				3E35FDD219316BFE0084C970 /* Foundation.framework in Frameworks */,
			);
			runOnlyForDeploymentPostprocessing = 0;
		};
		3E35FDEB19316BFE0084C970 /* Frameworks */ = {
			isa = PBXFrameworksBuildPhase;
			buildActionMask = 2147483647;
			files = (
				3E35FDF019316BFE0084C970 /* XCTest.framework in Frameworks */,
				3E35FDF319316BFE0084C970 /* CoreData.framework in Frameworks */,
				3E35FDF219316BFE0084C970 /* UIKit.framework in Frameworks */,
				3E35FDF119316BFE0084C970 /* Foundation.framework in Frameworks */,
			);
			runOnlyForDeploymentPostprocessing = 0;
		};
/* End PBXFrameworksBuildPhase section */

/* Begin PBXGroup section */
		3E35FDC519316BFE0084C970 = {
			isa = PBXGroup;
			children = (
				3E35FDD919316BFE0084C970 /* HomeDepotDisplayTestbench */,
				3E35FDF619316BFE0084C970 /* HomeDepotDisplayTestbenchTests */,
				3E35FDD019316BFE0084C970 /* Frameworks */,
				3E35FDCF19316BFE0084C970 /* Products */,
			);
			sourceTree = "<group>";
		};
		3E35FDCF19316BFE0084C970 /* Products */ = {
			isa = PBXGroup;
			children = (
				3E35FDCE19316BFE0084C970 /* HomeDepotDisplayTestbench.app */,
				3E35FDEE19316BFE0084C970 /* HomeDepotDisplayTestbenchTests.xctest */,
			);
			name = Products;
			sourceTree = "<group>";
		};
		3E35FDD019316BFE0084C970 /* Frameworks */ = {
			isa = PBXGroup;
			children = (
				3E35FDD119316BFE0084C970 /* Foundation.framework */,
				3E35FDD319316BFE0084C970 /* CoreGraphics.framework */,
				3E35FDD519316BFE0084C970 /* UIKit.framework */,
				3E35FDD719316BFE0084C970 /* CoreData.framework */,
				3E35FDEF19316BFE0084C970 /* XCTest.framework */,
			);
			name = Frameworks;
			sourceTree = "<group>";
		};
		3E35FDD919316BFE0084C970 /* HomeDepotDisplayTestbench */ = {
			isa = PBXGroup;
			children = (
				3E35FE1A1932D09E0084C970 /* include */,
				9584C82719319BEF00166C2C /* libfpdfemb_ios_arm.a */,
				9584C82819319BEF00166C2C /* libfpdfemb_ios_emu.a */,
				3E35FDE219316BFE0084C970 /* AppDelegate.h */,
				3E35FDE319316BFE0084C970 /* AppDelegate.m */,
				3E35FDE819316BFE0084C970 /* Images.xcassets */,
				3E35FDE519316BFE0084C970 /* HomeDepotDisplayTestbench.xcdatamodeld */,
				3E35FDDA19316BFE0084C970 /* Supporting Files */,
				3E35FE0619316C2F0084C970 /* MainStoryboard.storyboard */,
				3E35FE0919316C560084C970 /* MainStoryboardIPhone.storyboard */,
				3E35FE0C19316CE20084C970 /* ViewController.h */,
				3E35FE0D19316CE20084C970 /* ViewController.m */,
				3E35FE1019316D080084C970 /* PDFDocument.h */,
				3E35FE1119316D080084C970 /* PDFDocument.m */,
				3E35FE1419316D200084C970 /* PDFPage.h */,
				3E35FE1519316D200084C970 /* PDFPage.m */,
			);
			path = HomeDepotDisplayTestbench;
			sourceTree = "<group>";
		};
		3E35FDDA19316BFE0084C970 /* Supporting Files */ = {
			isa = PBXGroup;
			children = (
				3E35FE181932CEF90084C970 /* ButtonGo.png */,
				3E35FDDB19316BFE0084C970 /* HomeDepotDisplayTestbench-Info.plist */,
				3E35FDDC19316BFE0084C970 /* InfoPlist.strings */,
				3E35FDDF19316BFE0084C970 /* main.m */,
				3E35FDE119316BFE0084C970 /* HomeDepotDisplayTestbench-Prefix.pch */,
			);
			name = "Supporting Files";
			sourceTree = "<group>";
		};
		3E35FDF619316BFE0084C970 /* HomeDepotDisplayTestbenchTests */ = {
			isa = PBXGroup;
			children = (
				3E35FDFC19316BFE0084C970 /* HomeDepotDisplayTestbenchTests.m */,
				3E35FDF719316BFE0084C970 /* Supporting Files */,
			);
			path = HomeDepotDisplayTestbenchTests;
			sourceTree = "<group>";
		};
		3E35FDF719316BFE0084C970 /* Supporting Files */ = {
			isa = PBXGroup;
			children = (
				3E35FDF819316BFE0084C970 /* HomeDepotDisplayTestbenchTests-Info.plist */,
				3E35FDF919316BFE0084C970 /* InfoPlist.strings */,
			);
			name = "Supporting Files";
			sourceTree = "<group>";
		};
		3E35FE1A1932D09E0084C970 /* include */ = {
			isa = PBXGroup;
			children = (
				3E35FE1B1932D0AF0084C970 /* fpdf_annot.h */,
				3E35FE1C1932D0AF0084C970 /* fpdf_base.h */,
				3E35FE1D1932D0AF0084C970 /* fpdf_document.h */,
				3E35FE1E1932D0AF0084C970 /* fpdf_formfield.h */,
				3E35FE1F1932D0AF0084C970 /* fpdf_fwlevent.h */,
				3E35FE201932D0AF0084C970 /* fpdf_reflow.h */,
				3E35FE211932D0AF0084C970 /* fpdf_security.h */,
				3E35FE221932D0AF0084C970 /* fpdf_text.h */,
				3E35FE231932D0AF0084C970 /* fpdf_view.h */,
				3E35FE241932D0AF0084C970 /* fpsi.h */,
				3E35FE251932D0AF0084C970 /* fs_base.h */,
				3E35FE261932D0AF0084C970 /* fs_exception.h */,
			);
			name = include;
			sourceTree = "<group>";
		};
/* End PBXGroup section */

/* Begin PBXNativeTarget section */
		3E35FDCD19316BFE0084C970 /* HomeDepotDisplayTestbench */ = {
			isa = PBXNativeTarget;
			buildConfigurationList = 3E35FE0019316BFE0084C970 /* Build configuration list for PBXNativeTarget "HomeDepotDisplayTestbench" */;
			buildPhases = (
				3E35FDCA19316BFE0084C970 /* Sources */,
				3E35FDCB19316BFE0084C970 /* Frameworks */,
				3E35FDCC19316BFE0084C970 /* Resources */,
			);
			buildRules = (
			);
			dependencies = (
			);
			name = HomeDepotDisplayTestbench;
			productName = HomeDepotDisplayTestbench;
			productReference = 3E35FDCE19316BFE0084C970 /* HomeDepotDisplayTestbench.app */;
			productType = "com.apple.product-type.application";
		};
		3E35FDED19316BFE0084C970 /* HomeDepotDisplayTestbenchTests */ = {
			isa = PBXNativeTarget;
			buildConfigurationList = 3E35FE0319316BFE0084C970 /* Build configuration list for PBXNativeTarget "HomeDepotDisplayTestbenchTests" */;
			buildPhases = (
				3E35FDEA19316BFE0084C970 /* Sources */,
				3E35FDEB19316BFE0084C970 /* Frameworks */,
				3E35FDEC19316BFE0084C970 /* Resources */,
			);
			buildRules = (
			);
			dependencies = (
				3E35FDF519316BFE0084C970 /* PBXTargetDependency */,
			);
			name = HomeDepotDisplayTestbenchTests;
			productName = HomeDepotDisplayTestbenchTests;
			productReference = 3E35FDEE19316BFE0084C970 /* HomeDepotDisplayTestbenchTests.xctest */;
			productType = "com.apple.product-type.bundle.unit-test";
		};
/* End PBXNativeTarget section */

/* Begin PBXProject section */
		3E35FDC619316BFE0084C970 /* Project object */ = {
			isa = PBXProject;
			attributes = {
				LastUpgradeCheck = 0510;
				ORGANIZATIONNAME = Foxit;
				TargetAttributes = {
					3E35FDED19316BFE0084C970 = {
						TestTargetID = 3E35FDCD19316BFE0084C970;
					};
				};
			};
			buildConfigurationList = 3E35FDC919316BFE0084C970 /* Build configuration list for PBXProject "HomeDepotDisplayTestbench" */;
			compatibilityVersion = "Xcode 3.2";
			developmentRegion = English;
			hasScannedForEncodings = 0;
			knownRegions = (
				en,
			);
			mainGroup = 3E35FDC519316BFE0084C970;
			productRefGroup = 3E35FDCF19316BFE0084C970 /* Products */;
			projectDirPath = "";
			projectRoot = "";
			targets = (
				3E35FDCD19316BFE0084C970 /* HomeDepotDisplayTestbench */,
				3E35FDED19316BFE0084C970 /* HomeDepotDisplayTestbenchTests */,
			);
		};
/* End PBXProject section */

/* Begin PBXResourcesBuildPhase section */
		3E35FDCC19316BFE0084C970 /* Resources */ = {
			isa = PBXResourcesBuildPhase;
			buildActionMask = 2147483647;
			files = (
				3E35FE0719316C2F0084C970 /* MainStoryboard.storyboard in Resources */,
				3E35FDDE19316BFE0084C970 /* InfoPlist.strings in Resources */,
				3E35FDE919316BFE0084C970 /* Images.xcassets in Resources */,
				3E35FE0A19316C560084C970 /* MainStoryboardIPhone.storyboard in Resources */,
				3E35FE191932CEF90084C970 /* ButtonGo.png in Resources */,
			);
			runOnlyForDeploymentPostprocessing = 0;
		};
		3E35FDEC19316BFE0084C970 /* Resources */ = {
			isa = PBXResourcesBuildPhase;
			buildActionMask = 2147483647;
			files = (
				3E35FE0B19316C560084C970 /* MainStoryboardIPhone.storyboard in Resources */,
				3E35FE0819316C2F0084C970 /* MainStoryboard.storyboard in Resources */,
				3E35FDFB19316BFE0084C970 /* InfoPlist.strings in Resources */,
			);
			runOnlyForDeploymentPostprocessing = 0;
		};
/* End PBXResourcesBuildPhase section */

/* Begin PBXSourcesBuildPhase section */
		3E35FDCA19316BFE0084C970 /* Sources */ = {
			isa = PBXSourcesBuildPhase;
			buildActionMask = 2147483647;
			files = (
				3E35FDE419316BFE0084C970 /* AppDelegate.m in Sources */,
				3E35FE1619316D210084C970 /* PDFPage.m in Sources */,
				3E35FDE019316BFE0084C970 /* main.m in Sources */,
				3E35FE0E19316CE20084C970 /* ViewController.m in Sources */,
				3E35FE1219316D080084C970 /* PDFDocument.m in Sources */,
				3E35FDE719316BFE0084C970 /* HomeDepotDisplayTestbench.xcdatamodeld in Sources */,
			);
			runOnlyForDeploymentPostprocessing = 0;
		};
		3E35FDEA19316BFE0084C970 /* Sources */ = {
			isa = PBXSourcesBuildPhase;
			buildActionMask = 2147483647;
			files = (
				3E35FE0F19316CE20084C970 /* ViewController.m in Sources */,
				3E35FE1319316D080084C970 /* PDFDocument.m in Sources */,
				3E35FDFD19316BFE0084C970 /* HomeDepotDisplayTestbenchTests.m in Sources */,
				3E35FE1719316D210084C970 /* PDFPage.m in Sources */,
			);
			runOnlyForDeploymentPostprocessing = 0;
		};
/* End PBXSourcesBuildPhase section */

/* Begin PBXTargetDependency section */
		3E35FDF519316BFE0084C970 /* PBXTargetDependency */ = {
			isa = PBXTargetDependency;
			target = 3E35FDCD19316BFE0084C970 /* HomeDepotDisplayTestbench */;
			targetProxy = 3E35FDF419316BFE0084C970 /* PBXContainerItemProxy */;
		};
/* End PBXTargetDependency section */

/* Begin PBXVariantGroup section */
		3E35FDDC19316BFE0084C970 /* InfoPlist.strings */ = {
			isa = PBXVariantGroup;
			children = (
				3E35FDDD19316BFE0084C970 /* en */,
			);
			name = InfoPlist.strings;
			sourceTree = "<group>";
		};
		3E35FDF919316BFE0084C970 /* InfoPlist.strings */ = {
			isa = PBXVariantGroup;
			children = (
				3E35FDFA19316BFE0084C970 /* en */,
			);
			name = InfoPlist.strings;
			sourceTree = "<group>";
		};
/* End PBXVariantGroup section */

/* Begin XCBuildConfiguration section */
		3E35FDFE19316BFE0084C970 /* Debug */ = {
			isa = XCBuildConfiguration;
			buildSettings = {
				ALWAYS_SEARCH_USER_PATHS = NO;
				CLANG_CXX_LANGUAGE_STANDARD = "gnu++0x";
				CLANG_CXX_LIBRARY = "libc++";
				CLANG_ENABLE_MODULES = YES;
				CLANG_ENABLE_OBJC_ARC = YES;
				CLANG_WARN_BOOL_CONVERSION = YES;
				CLANG_WARN_CONSTANT_CONVERSION = YES;
				CLANG_WARN_DIRECT_OBJC_ISA_USAGE = YES_ERROR;
				CLANG_WARN_EMPTY_BODY = YES;
				CLANG_WARN_ENUM_CONVERSION = YES;
				CLANG_WARN_INT_CONVERSION = YES;
				CLANG_WARN_OBJC_ROOT_CLASS = YES_ERROR;
				CLANG_WARN__DUPLICATE_METHOD_MATCH = YES;
				"CODE_SIGN_IDENTITY[sdk=iphoneos*]" = "iPhone Developer";
				COPY_PHASE_STRIP = NO;
				GCC_C_LANGUAGE_STANDARD = gnu99;
				GCC_DYNAMIC_NO_PIC = NO;
				GCC_OPTIMIZATION_LEVEL = 0;
				GCC_PREPROCESSOR_DEFINITIONS = (
					"DEBUG=1",
					"$(inherited)",
				);
				GCC_SYMBOLS_PRIVATE_EXTERN = NO;
				GCC_WARN_64_TO_32_BIT_CONVERSION = YES;
				GCC_WARN_ABOUT_RETURN_TYPE = YES_ERROR;
				GCC_WARN_UNDECLARED_SELECTOR = YES;
				GCC_WARN_UNINITIALIZED_AUTOS = YES_AGGRESSIVE;
				GCC_WARN_UNUSED_FUNCTION = YES;
				GCC_WARN_UNUSED_VARIABLE = YES;
				IPHONEOS_DEPLOYMENT_TARGET = 7.1;
				ONLY_ACTIVE_ARCH = YES;
				SDKROOT = iphoneos;
				TARGETED_DEVICE_FAMILY = "1,2";
			};
			name = Debug;
		};
		3E35FDFF19316BFE0084C970 /* Release */ = {
			isa = XCBuildConfiguration;
			buildSettings = {
				ALWAYS_SEARCH_USER_PATHS = NO;
				CLANG_CXX_LANGUAGE_STANDARD = "gnu++0x";
				CLANG_CXX_LIBRARY = "libc++";
				CLANG_ENABLE_MODULES = YES;
				CLANG_ENABLE_OBJC_ARC = YES;
				CLANG_WARN_BOOL_CONVERSION = YES;
				CLANG_WARN_CONSTANT_CONVERSION = YES;
				CLANG_WARN_DIRECT_OBJC_ISA_USAGE = YES_ERROR;
				CLANG_WARN_EMPTY_BODY = YES;
				CLANG_WARN_ENUM_CONVERSION = YES;
				CLANG_WARN_INT_CONVERSION = YES;
				CLANG_WARN_OBJC_ROOT_CLASS = YES_ERROR;
				CLANG_WARN__DUPLICATE_METHOD_MATCH = YES;
				"CODE_SIGN_IDENTITY[sdk=iphoneos*]" = "iPhone Developer";
				COPY_PHASE_STRIP = YES;
				ENABLE_NS_ASSERTIONS = NO;
				GCC_C_LANGUAGE_STANDARD = gnu99;
				GCC_WARN_64_TO_32_BIT_CONVERSION = YES;
				GCC_WARN_ABOUT_RETURN_TYPE = YES_ERROR;
				GCC_WARN_UNDECLARED_SELECTOR = YES;
				GCC_WARN_UNINITIALIZED_AUTOS = YES_AGGRESSIVE;
				GCC_WARN_UNUSED_FUNCTION = YES;
				GCC_WARN_UNUSED_VARIABLE = YES;
				IPHONEOS_DEPLOYMENT_TARGET = 7.1;
				SDKROOT = iphoneos;
				TARGETED_DEVICE_FAMILY = "1,2";
				VALIDATE_PRODUCT = YES;
			};
			name = Release;
		};
		3E35FE0119316BFE0084C970 /* Debug */ = {
			isa = XCBuildConfiguration;
			buildSettings = {
				ASSETCATALOG_COMPILER_APPICON_NAME = AppIcon;
				ASSETCATALOG_COMPILER_LAUNCHIMAGE_NAME = LaunchImage;
				GCC_PRECOMPILE_PREFIX_HEADER = YES;
				GCC_PREFIX_HEADER = "HomeDepotDisplayTestbench/HomeDepotDisplayTestbench-Prefix.pch";
				INFOPLIST_FILE = "HomeDepotDisplayTestbench/HomeDepotDisplayTestbench-Info.plist";
				IPHONEOS_DEPLOYMENT_TARGET = 6.1;
				LIBRARY_SEARCH_PATHS = (
					"$(inherited)",
					/Users/mountain7cat/Documents/homeDepot/HomeDepotDisplayTestbench/library,
				);
				PRODUCT_NAME = "$(TARGET_NAME)";
				WRAPPER_EXTENSION = app;
			};
			name = Debug;
		};
		3E35FE0219316BFE0084C970 /* Release */ = {
			isa = XCBuildConfiguration;
			buildSettings = {
				ASSETCATALOG_COMPILER_APPICON_NAME = AppIcon;
				ASSETCATALOG_COMPILER_LAUNCHIMAGE_NAME = LaunchImage;
				GCC_PRECOMPILE_PREFIX_HEADER = YES;
				GCC_PREFIX_HEADER = "HomeDepotDisplayTestbench/HomeDepotDisplayTestbench-Prefix.pch";
				INFOPLIST_FILE = "HomeDepotDisplayTestbench/HomeDepotDisplayTestbench-Info.plist";
				IPHONEOS_DEPLOYMENT_TARGET = 6.1;
				LIBRARY_SEARCH_PATHS = (
					"$(inherited)",
					/Users/mountain7cat/Documents/homeDepot/HomeDepotDisplayTestbench/library,
				);
				PRODUCT_NAME = "$(TARGET_NAME)";
				WRAPPER_EXTENSION = app;
			};
			name = Release;
		};
		3E35FE0419316BFE0084C970 /* Debug */ = {
			isa = XCBuildConfiguration;
			buildSettings = {
				BUNDLE_LOADER = "$(BUILT_PRODUCTS_DIR)/HomeDepotDisplayTestbench.app/HomeDepotDisplayTestbench";
				FRAMEWORK_SEARCH_PATHS = (
					"$(SDKROOT)/Developer/Library/Frameworks",
					"$(inherited)",
					"$(DEVELOPER_FRAMEWORKS_DIR)",
				);
				GCC_PRECOMPILE_PREFIX_HEADER = YES;
				GCC_PREFIX_HEADER = "HomeDepotDisplayTestbench/HomeDepotDisplayTestbench-Prefix.pch";
				GCC_PREPROCESSOR_DEFINITIONS = (
					"DEBUG=1",
					"$(inherited)",
				);
				INFOPLIST_FILE = "HomeDepotDisplayTestbenchTests/HomeDepotDisplayTestbenchTests-Info.plist";
				PRODUCT_NAME = "$(TARGET_NAME)";
				TEST_HOST = "$(BUNDLE_LOADER)";
				WRAPPER_EXTENSION = xctest;
			};
			name = Debug;
		};
		3E35FE0519316BFE0084C970 /* Release */ = {
			isa = XCBuildConfiguration;
			buildSettings = {
				BUNDLE_LOADER = "$(BUILT_PRODUCTS_DIR)/HomeDepotDisplayTestbench.app/HomeDepotDisplayTestbench";
				FRAMEWORK_SEARCH_PATHS = (
					"$(SDKROOT)/Developer/Library/Frameworks",
					"$(inherited)",
					"$(DEVELOPER_FRAMEWORKS_DIR)",
				);
				GCC_PRECOMPILE_PREFIX_HEADER = YES;
				GCC_PREFIX_HEADER = "HomeDepotDisplayTestbench/HomeDepotDisplayTestbench-Prefix.pch";
				INFOPLIST_FILE = "HomeDepotDisplayTestbenchTests/HomeDepotDisplayTestbenchTests-Info.plist";
				PRODUCT_NAME = "$(TARGET_NAME)";
				TEST_HOST = "$(BUNDLE_LOADER)";
				WRAPPER_EXTENSION = xctest;
			};
			name = Release;
		};
/* End XCBuildConfiguration section */

/* Begin XCConfigurationList section */
		3E35FDC919316BFE0084C970 /* Build configuration list for PBXProject "HomeDepotDisplayTestbench" */ = {
			isa = XCConfigurationList;
			buildConfigurations = (
				3E35FDFE19316BFE0084C970 /* Debug */,
				3E35FDFF19316BFE0084C970 /* Release */,
			);
			defaultConfigurationIsVisible = 0;
			defaultConfigurationName = Release;
		};
		3E35FE0019316BFE0084C970 /* Build configuration list for PBXNativeTarget "HomeDepotDisplayTestbench" */ = {
			isa = XCConfigurationList;
			buildConfigurations = (
				3E35FE0119316BFE0084C970 /* Debug */,
				3E35FE0219316BFE0084C970 /* Release */,
			);
			defaultConfigurationIsVisible = 0;
			defaultConfigurationName = Release;
		};
		3E35FE0319316BFE0084C970 /* Build configuration list for PBXNativeTarget "HomeDepotDisplayTestbenchTests" */ = {
			isa = XCConfigurationList;
			buildConfigurations = (
				3E35FE0419316BFE0084C970 /* Debug */,
				3E35FE0519316BFE0084C970 /* Release */,
			);
			defaultConfigurationIsVisible = 0;
			defaultConfigurationName = Release;
		};
/* End XCConfigurationList section */

/* Begin XCVersionGroup section */
		3E35FDE519316BFE0084C970 /* HomeDepotDisplayTestbench.xcdatamodeld */ = {
			isa = XCVersionGroup;
			children = (
				3E35FDE619316BFE0084C970 /* HomeDepotDisplayTestbench.xcdatamodel */,
			);
			currentVersion = 3E35FDE619316BFE0084C970 /* HomeDepotDisplayTestbench.xcdatamodel */;
			path = HomeDepotDisplayTestbench.xcdatamodeld;
			sourceTree = "<group>";
			versionGroupType = wrapper.xcdatamodel;
		};
/* End XCVersionGroup section */
	};
	rootObject = 3E35FDC619316BFE0084C970 /* Project object */;
}
